
Microsoft Visual Studio Solution File, Format Version 12.00
Project("{FAE04EC0-301F-11D3-BF4B-00C04F79EFBC}") = "SpecFlowTestExample.Specs", "SpecFlowTestExample.Specs\SpecFlowTestExample.Specs.csproj", "{976C32EB-7EFF-4375-9E03-3D3F6015FB02}"
EndProject
Project("{FAE04EC0-301F-11D3-BF4B-00C04F79EFBC}") = "SpecFlowTestExample", "SpecFlowTestExample\SpecFlowTestExample.csproj", "{EE2C5322-B273-4257-B6DB-A7F427BC9608}"
EndProject
Global
	GlobalSection(SolutionConfigurationPlatforms) = preSolution
		Debug|Any CPU = Debug|Any CPU
		Release|Any CPU = Release|Any CPU
	EndGlobalSection
	GlobalSection(ProjectConfigurationPlatforms) = postSolution
		{976C32EB-7EFF-4375-9E03-3D3F6015FB02}.Debug|Any CPU.ActiveCfg = Debug|Any CPU
		{976C32EB-7EFF-4375-9E03-3D3F6015FB02}.Debug|Any CPU.Build.0 = Debug|Any CPU
		{976C32EB-7EFF-4375-9E03-3D3F6015FB02}.Release|Any CPU.ActiveCfg = Release|Any CPU
		{976C32EB-7EFF-4375-9E03-3D3F6015FB02}.Release|Any CPU.Build.0 = Release|Any CPU
		{EE2C5322-B273-4257-B6DB-A7F427BC9608}.Debug|Any CPU.ActiveCfg = Debug|Any CPU
		{EE2C5322-B273-4257-B6DB-A7F427BC9608}.Debug|Any CPU.Build.0 = Debug|Any CPU
		{EE2C5322-B273-4257-B6DB-A7F427BC9608}.Release|Any CPU.ActiveCfg = Release|Any CPU
		{EE2C5322-B273-4257-B6DB-A7F427BC9608}.Release|Any CPU.Build.0 = Release|Any CPU
	EndGlobalSection
EndGlobal
